<?xml version="1.0" encoding="utf-8"?>
<Project ToolsVersion="4.0" xmlns="http://schemas.microsoft.com/developer/msbuild/2003">
  <ItemGroup>
    <Filter Include="Файлы исходного кода">
      <UniqueIdentifier>{4FC737F1-C7A5-4376-A066-2A32D752A2FF}</UniqueIdentifier>
      <Extensions>cpp;c;cc;cxx;def;odl;idl;hpj;bat;asm;asmx</Extensions>
    </Filter>
    <Filter Include="Заголовочные файлы">
      <UniqueIdentifier>{93995380-89BD-4b04-88EB-625FBE52EBFB}</UniqueIdentifier>
      <Extensions>h;hh;hpp;hxx;hm;inl;inc;xsd</Extensions>
    </Filter>
    <Filter Include="Файлы ресурсов">
      <UniqueIdentifier>{67DA6AB6-F800-4c08-8B7A-83BB121AAD01}</UniqueIdentifier>
      <Extensions>rc;ico;cur;bmp;dlg;rc2;rct;bin;rgs;gif;jpg;jpeg;jpe;resx;tiff;tif;png;wav;mfcribbon-ms</Extensions>
    </Filter>
    <Filter Include="Заголовочные файлы\bonus">
      <UniqueIdentifier>{cea74037-be01-424f-8370-692b607f44d2}</UniqueIdentifier>
    </Filter>
    <Filter Include="Заголовочные файлы\objects">
      <UniqueIdentifier>{3af49eef-4a1b-416f-8c5c-a48fcf8a9cc4}</UniqueIdentifier>
    </Filter>
  </ItemGroup>
  <ItemGroup>
    <ClCompile Include="main.cpp">
      <Filter>Файлы исходного кода</Filter>
    </ClCompile>
    <ClCompile Include="gl_helpers.cpp">
      <Filter>Файлы исходного кода</Filter>
    </ClCompile>
    <ClCompile Include="game.cpp">
      <Filter>Файлы исходного кода</Filter>
    </ClCompile>
    <ClCompile Include="ball.cpp">
      <Filter>Файлы исходного кода</Filter>
    </ClCompile>
    <ClCompile Include="rocket.cpp">
      <Filter>Файлы исходного кода</Filter>
    </ClCompile>
    <ClCompile Include="block.cpp">
      <Filter>Файлы исходного кода</Filter>
    </ClCompile>
    <ClCompile Include="bonus.cpp">
      <Filter>Файлы исходного кода</Filter>
    </ClCompile>
    <ClCompile Include="game_border.cpp">
      <Filter>Файлы исходного кода</Filter>
    </ClCompile>
    <ClCompile Include="legend.cpp">
      <Filter>Файлы исходного кода</Filter>
    </ClCompile>
    <ClCompile Include="game_field.cpp">
      <Filter>Файлы исходного кода</Filter>
    </ClCompile>
    <ClCompile Include="geom_helpers.cpp">
      <Filter>Файлы исходного кода</Filter>
    </ClCompile>
    <ClCompile Include="squeeze_bonus.cpp">
      <Filter>Файлы исходного кода</Filter>
    </ClCompile>
    <ClCompile Include="extend_bonus.cpp">
      <Filter>Файлы исходного кода</Filter>
    </ClCompile>
  </ItemGroup>
  <ItemGroup>
    <None Include="packages.config" />
  </ItemGroup>
  <ItemGroup>
    <ClInclude Include="gl_helpers.h">
      <Filter>Заголовочные файлы</Filter>
    </ClInclude>
    <ClInclude Include="bonus.h">
      <Filter>Заголовочные файлы\bonus</Filter>
    </ClInclude>
    <ClInclude Include="config.h">
      <Filter>Заголовочные файлы</Filter>
    </ClInclude>
    <ClInclude Include="geom_helpers.h">
      <Filter>Заголовочные файлы</Filter>
    </ClInclude>
    <ClInclude Include="ball.h">
      <Filter>Заголовочные файлы\objects</Filter>
    </ClInclude>
    <ClInclude Include="block.h">
      <Filter>Заголовочные файлы\objects</Filter>
    </ClInclude>
    <ClInclude Include="game.h">
      <Filter>Заголовочные файлы\objects</Filter>
    </ClInclude>
    <ClInclude Include="game_border.h">
      <Filter>Заголовочные файлы\objects</Filter>
    </ClInclude>
    <ClInclude Include="drawable.h">
      <Filter>Заголовочные файлы\objects</Filter>
    </ClInclude>
    <ClInclude Include="game_field.h">
      <Filter>Заголовочные файлы\objects</Filter>
    </ClInclude>
    <ClInclude Include="legend.h">
      <Filter>Заголовочные файлы\objects</Filter>
    </ClInclude>
    <ClInclude Include="rocket.h">
      <Filter>Заголовочные файлы\objects</Filter>
    </ClInclude>
    <ClInclude Include="squeeze_bonus.h">
      <Filter>Заголовочные файлы\bonus</Filter>
    </ClInclude>
    <ClInclude Include="extend_bonus.h">
      <Filter>Заголовочные файлы\bonus</Filter>
    </ClInclude>
  </ItemGroup>
</Project>